
Microsoft Visual Studio Solution File, Format Version 12.00
# Visual Studio Version 17
VisualStudioVersion = 17.7.34031.279
MinimumVisualStudioVersion = 10.0.40219.1
Project("{FAE04EC0-301F-11D3-BF4B-00C04F79EFBC}") = "MongoEFCoreListsBugDemo", "MongoEFCoreListsBugDemo\MongoEFCoreListsBugDemo.csproj", "{3AEA12A7-21B3-41E4-A596-6DA46007CB41}"
EndProject
Project("{2150E333-8FDC-42A3-9474-1A3956D46DE8}") = "MongoDbScripts", "MongoDbScripts", "{21BB5B79-E894-4C8C-A743-58C15CCA0A66}"
	ProjectSection(SolutionItems) = preProject
		..\..\..\Downloads\Create_CalloutTemplate_Script.js = ..\..\..\Downloads\Create_CalloutTemplate_Script.js
	EndProjectSection
EndProject
Global
	GlobalSection(SolutionConfigurationPlatforms) = preSolution
		Debug|Any CPU = Debug|Any CPU
		Release|Any CPU = Release|Any CPU
	EndGlobalSection
	GlobalSection(ProjectConfigurationPlatforms) = postSolution
		{3AEA12A7-21B3-41E4-A596-6DA46007CB41}.Debug|Any CPU.ActiveCfg = Debug|Any CPU
		{3AEA12A7-21B3-41E4-A596-6DA46007CB41}.Debug|Any CPU.Build.0 = Debug|Any CPU
		{3AEA12A7-21B3-41E4-A596-6DA46007CB41}.Release|Any CPU.ActiveCfg = Release|Any CPU
		{3AEA12A7-21B3-41E4-A596-6DA46007CB41}.Release|Any CPU.Build.0 = Release|Any CPU
	EndGlobalSection
	GlobalSection(SolutionProperties) = preSolution
		HideSolutionNode = FALSE
	EndGlobalSection
	GlobalSection(ExtensibilityGlobals) = postSolution
		SolutionGuid = {05286E64-FDA6-4CD2-B01A-385106EC44EC}
	EndGlobalSection
EndGlobal
